
Microsoft Visual Studio Solution File, Format Version 12.00
# Visual Studio 14
VisualStudioVersion = 14.0.25420.1
MinimumVisualStudioVersion = 10.0.40219.1
Project("{2150E333-8FDC-42A3-9474-1A3956D46DE8}") = "src", "src", "{6E1D0A37-326B-445A-92A8-18A2712B87B1}"
EndProject
Project("{2150E333-8FDC-42A3-9474-1A3956D46DE8}") = "Solution Items", "Solution Items", "{69E8249B-763D-4F7F-96BB-FF30F39FA636}"
	ProjectSection(SolutionItems) = preProject
		global.json = global.json
	EndProjectSection
EndProject
Project("{8BB2217D-0F2D-49D1-97BC-3654ED321F3B}") = "Common", "src\Common\Common.xproj", "{3F3FDA77-B642-4139-A9DF-2B2D68AD8A5C}"
EndProject
Global
	GlobalSection(SolutionConfigurationPlatforms) = preSolution
		Debug|Any CPU = Debug|Any CPU
		Release|Any CPU = Release|Any CPU
	EndGlobalSection
	GlobalSection(ProjectConfigurationPlatforms) = postSolution
		{3F3FDA77-B642-4139-A9DF-2B2D68AD8A5C}.Debug|Any CPU.ActiveCfg = Debug|Any CPU
		{3F3FDA77-B642-4139-A9DF-2B2D68AD8A5C}.Debug|Any CPU.Build.0 = Debug|Any CPU
		{3F3FDA77-B642-4139-A9DF-2B2D68AD8A5C}.Release|Any CPU.ActiveCfg = Release|Any CPU
		{3F3FDA77-B642-4139-A9DF-2B2D68AD8A5C}.Release|Any CPU.Build.0 = Release|Any CPU
	EndGlobalSection
	GlobalSection(SolutionProperties) = preSolution
		HideSolutionNode = FALSE
	EndGlobalSection
	GlobalSection(NestedProjects) = preSolution
		{3F3FDA77-B642-4139-A9DF-2B2D68AD8A5C} = {6E1D0A37-326B-445A-92A8-18A2712B87B1}
	EndGlobalSection
EndGlobal
